
Microsoft Visual Studio Solution File, Format Version 12.00
# Visual Studio Version 17
VisualStudioVersion = 17.6.33712.159
MinimumVisualStudioVersion = 10.0.40219.1
Project("{2150E333-8FDC-42A3-9474-1A3956D46DE8}") = "ProgrammingModels", "ProgrammingModels", "{4E3890A8-43AC-472B-BC15-C6B2076DA423}"
EndProject
Project("{2150E333-8FDC-42A3-9474-1A3956D46DE8}") = "AdvancedTopicsTechniques", "AdvancedTopicsTechniques", "{69EDCF8D-AAB3-4B37-94D2-85442789DFAD}"
EndProject
Project("{2150E333-8FDC-42A3-9474-1A3956D46DE8}") = "AdvancedTopics", "AdvancedTopics", "{9579CEB0-24D7-431A-847E-E90EF4C936A8}"
EndProject
Project("{FAE04EC0-301F-11D3-BF4B-00C04F79EFBC}") = "TaskParallelLibrary", "TaskParallelLibrary\TaskParallelLibrary.csproj", "{7730F424-0FAE-4696-8CB0-07720AF231E9}"
EndProject
Project("{FAE04EC0-301F-11D3-BF4B-00C04F79EFBC}") = "ParallelLINQ", "ParallelLINQ\ParallelLINQ.csproj", "{7AC0D2E4-E262-4505-8C88-7D36B7084873}"
EndProject
Project("{FAE04EC0-301F-11D3-BF4B-00C04F79EFBC}") = "ParallelForEach", "ParallelForEach\ParallelForEach.csproj", "{2C132501-A660-463A-AD6C-80AC81C11B01}"
EndProject
Project("{FAE04EC0-301F-11D3-BF4B-00C04F79EFBC}") = "AsyncandAwait", "AsyncandAwait\AsyncandAwait.csproj", "{3E7B5EE2-C7DA-48B8-9E0C-D049A4020F6D}"
EndProject
Project("{FAE04EC0-301F-11D3-BF4B-00C04F79EFBC}") = "MapReducePattern", "MapReducePattern\MapReducePattern.csproj", "{9D1562B9-6A71-4CE4-A02C-3251B725BC83}"
EndProject
Project("{FAE04EC0-301F-11D3-BF4B-00C04F79EFBC}") = "ParallelLoops", "ParallelLoops\ParallelLoops.csproj", "{EA5D381F-F95C-4231-96FD-55790A26EFF7}"
EndProject
Project("{FAE04EC0-301F-11D3-BF4B-00C04F79EFBC}") = "ForkJoinPattern", "ForkJoinPattern\ForkJoinPattern.csproj", "{567D6F04-B0BF-4B37-A78A-E7A5093E2337}"
EndProject
Project("{FAE04EC0-301F-11D3-BF4B-00C04F79EFBC}") = "SIMD", "SIMD\SIMD.csproj", "{B87037D0-BFF0-4023-AF6B-FDFD9E7E7EB3}"
EndProject
Project("{FAE04EC0-301F-11D3-BF4B-00C04F79EFBC}") = "CancellationToken", "CancellationToken\CancellationToken.csproj", "{6F005011-6DB8-4AC5-9176-D525B68C4957}"
EndProject
Project("{FAE04EC0-301F-11D3-BF4B-00C04F79EFBC}") = "ThreadingChannels", "ThreadingChannels\ThreadingChannels.csproj", "{CA46E597-B05B-49EB-A008-5DCFB8DCF04B}"
EndProject
Project("{FAE04EC0-301F-11D3-BF4B-00C04F79EFBC}") = "ValueTask", "ValueTask\ValueTask.csproj", "{7C94498F-FAC3-432B-BB9C-94243B33F4C3}"
EndProject
Global
	GlobalSection(SolutionConfigurationPlatforms) = preSolution
		Debug|Any CPU = Debug|Any CPU
		Release|Any CPU = Release|Any CPU
	EndGlobalSection
	GlobalSection(ProjectConfigurationPlatforms) = postSolution
		{7730F424-0FAE-4696-8CB0-07720AF231E9}.Debug|Any CPU.ActiveCfg = Debug|Any CPU
		{7730F424-0FAE-4696-8CB0-07720AF231E9}.Debug|Any CPU.Build.0 = Debug|Any CPU
		{7730F424-0FAE-4696-8CB0-07720AF231E9}.Release|Any CPU.ActiveCfg = Release|Any CPU
		{7730F424-0FAE-4696-8CB0-07720AF231E9}.Release|Any CPU.Build.0 = Release|Any CPU
		{7AC0D2E4-E262-4505-8C88-7D36B7084873}.Debug|Any CPU.ActiveCfg = Debug|Any CPU
		{7AC0D2E4-E262-4505-8C88-7D36B7084873}.Debug|Any CPU.Build.0 = Debug|Any CPU
		{7AC0D2E4-E262-4505-8C88-7D36B7084873}.Release|Any CPU.ActiveCfg = Release|Any CPU
		{7AC0D2E4-E262-4505-8C88-7D36B7084873}.Release|Any CPU.Build.0 = Release|Any CPU
		{2C132501-A660-463A-AD6C-80AC81C11B01}.Debug|Any CPU.ActiveCfg = Debug|Any CPU
		{2C132501-A660-463A-AD6C-80AC81C11B01}.Debug|Any CPU.Build.0 = Debug|Any CPU
		{2C132501-A660-463A-AD6C-80AC81C11B01}.Release|Any CPU.ActiveCfg = Release|Any CPU
		{2C132501-A660-463A-AD6C-80AC81C11B01}.Release|Any CPU.Build.0 = Release|Any CPU
		{3E7B5EE2-C7DA-48B8-9E0C-D049A4020F6D}.Debug|Any CPU.ActiveCfg = Debug|Any CPU
		{3E7B5EE2-C7DA-48B8-9E0C-D049A4020F6D}.Debug|Any CPU.Build.0 = Debug|Any CPU
		{3E7B5EE2-C7DA-48B8-9E0C-D049A4020F6D}.Release|Any CPU.ActiveCfg = Release|Any CPU
		{3E7B5EE2-C7DA-48B8-9E0C-D049A4020F6D}.Release|Any CPU.Build.0 = Release|Any CPU
		{9D1562B9-6A71-4CE4-A02C-3251B725BC83}.Debug|Any CPU.ActiveCfg = Debug|Any CPU
		{9D1562B9-6A71-4CE4-A02C-3251B725BC83}.Debug|Any CPU.Build.0 = Debug|Any CPU
		{9D1562B9-6A71-4CE4-A02C-3251B725BC83}.Release|Any CPU.ActiveCfg = Release|Any CPU
		{9D1562B9-6A71-4CE4-A02C-3251B725BC83}.Release|Any CPU.Build.0 = Release|Any CPU
		{EA5D381F-F95C-4231-96FD-55790A26EFF7}.Debug|Any CPU.ActiveCfg = Debug|Any CPU
		{EA5D381F-F95C-4231-96FD-55790A26EFF7}.Debug|Any CPU.Build.0 = Debug|Any CPU
		{EA5D381F-F95C-4231-96FD-55790A26EFF7}.Release|Any CPU.ActiveCfg = Release|Any CPU
		{EA5D381F-F95C-4231-96FD-55790A26EFF7}.Release|Any CPU.Build.0 = Release|Any CPU
		{567D6F04-B0BF-4B37-A78A-E7A5093E2337}.Debug|Any CPU.ActiveCfg = Debug|Any CPU
		{567D6F04-B0BF-4B37-A78A-E7A5093E2337}.Debug|Any CPU.Build.0 = Debug|Any CPU
		{567D6F04-B0BF-4B37-A78A-E7A5093E2337}.Release|Any CPU.ActiveCfg = Release|Any CPU
		{567D6F04-B0BF-4B37-A78A-E7A5093E2337}.Release|Any CPU.Build.0 = Release|Any CPU
		{B87037D0-BFF0-4023-AF6B-FDFD9E7E7EB3}.Debug|Any CPU.ActiveCfg = Debug|Any CPU
		{B87037D0-BFF0-4023-AF6B-FDFD9E7E7EB3}.Debug|Any CPU.Build.0 = Debug|Any CPU
		{B87037D0-BFF0-4023-AF6B-FDFD9E7E7EB3}.Release|Any CPU.ActiveCfg = Release|Any CPU
		{B87037D0-BFF0-4023-AF6B-FDFD9E7E7EB3}.Release|Any CPU.Build.0 = Release|Any CPU
		{6F005011-6DB8-4AC5-9176-D525B68C4957}.Debug|Any CPU.ActiveCfg = Debug|Any CPU
		{6F005011-6DB8-4AC5-9176-D525B68C4957}.Debug|Any CPU.Build.0 = Debug|Any CPU
		{6F005011-6DB8-4AC5-9176-D525B68C4957}.Release|Any CPU.ActiveCfg = Release|Any CPU
		{6F005011-6DB8-4AC5-9176-D525B68C4957}.Release|Any CPU.Build.0 = Release|Any CPU
		{CA46E597-B05B-49EB-A008-5DCFB8DCF04B}.Debug|Any CPU.ActiveCfg = Debug|Any CPU
		{CA46E597-B05B-49EB-A008-5DCFB8DCF04B}.Debug|Any CPU.Build.0 = Debug|Any CPU
		{CA46E597-B05B-49EB-A008-5DCFB8DCF04B}.Release|Any CPU.ActiveCfg = Release|Any CPU
		{CA46E597-B05B-49EB-A008-5DCFB8DCF04B}.Release|Any CPU.Build.0 = Release|Any CPU
		{7C94498F-FAC3-432B-BB9C-94243B33F4C3}.Debug|Any CPU.ActiveCfg = Debug|Any CPU
		{7C94498F-FAC3-432B-BB9C-94243B33F4C3}.Debug|Any CPU.Build.0 = Debug|Any CPU
		{7C94498F-FAC3-432B-BB9C-94243B33F4C3}.Release|Any CPU.ActiveCfg = Release|Any CPU
		{7C94498F-FAC3-432B-BB9C-94243B33F4C3}.Release|Any CPU.Build.0 = Release|Any CPU
	EndGlobalSection
	GlobalSection(SolutionProperties) = preSolution
		HideSolutionNode = FALSE
	EndGlobalSection
	GlobalSection(NestedProjects) = preSolution
		{7730F424-0FAE-4696-8CB0-07720AF231E9} = {4E3890A8-43AC-472B-BC15-C6B2076DA423}
		{7AC0D2E4-E262-4505-8C88-7D36B7084873} = {4E3890A8-43AC-472B-BC15-C6B2076DA423}
		{2C132501-A660-463A-AD6C-80AC81C11B01} = {4E3890A8-43AC-472B-BC15-C6B2076DA423}
		{3E7B5EE2-C7DA-48B8-9E0C-D049A4020F6D} = {4E3890A8-43AC-472B-BC15-C6B2076DA423}
		{9D1562B9-6A71-4CE4-A02C-3251B725BC83} = {69EDCF8D-AAB3-4B37-94D2-85442789DFAD}
		{EA5D381F-F95C-4231-96FD-55790A26EFF7} = {69EDCF8D-AAB3-4B37-94D2-85442789DFAD}
		{567D6F04-B0BF-4B37-A78A-E7A5093E2337} = {69EDCF8D-AAB3-4B37-94D2-85442789DFAD}
		{B87037D0-BFF0-4023-AF6B-FDFD9E7E7EB3} = {69EDCF8D-AAB3-4B37-94D2-85442789DFAD}
		{6F005011-6DB8-4AC5-9176-D525B68C4957} = {9579CEB0-24D7-431A-847E-E90EF4C936A8}
		{CA46E597-B05B-49EB-A008-5DCFB8DCF04B} = {9579CEB0-24D7-431A-847E-E90EF4C936A8}
		{7C94498F-FAC3-432B-BB9C-94243B33F4C3} = {9579CEB0-24D7-431A-847E-E90EF4C936A8}
	EndGlobalSection
	GlobalSection(ExtensibilityGlobals) = postSolution
		SolutionGuid = {0F134CC9-FCEA-46D2-9A9F-319C544D6A3B}
	EndGlobalSection
EndGlobal
